
Microsoft Visual Studio Solution File, Format Version 12.00
# Visual Studio Version 16
VisualStudioVersion = 16.0.32407.337
MinimumVisualStudioVersion = 10.0.40219.1
Project("{9A19103F-16F7-4668-BE54-9A1E7A4F7556}") = "BibliotecadeClase", "BibliotecadeClase\BibliotecadeClase.csproj", "{825C1C55-6ADE-4DA6-89B5-90F8ABCE0B1D}"
EndProject
Project("{9A19103F-16F7-4668-BE54-9A1E7A4F7556}") = "Logica", "Logica\Logica.csproj", "{6A9E48A2-F0F4-4AF3-A618-C8B64CF23823}"
EndProject
Project("{9A19103F-16F7-4668-BE54-9A1E7A4F7556}") = "SobrecargaV5", "SobrecargaV5\SobrecargaV5.csproj", "{00338577-4470-4B51-B0BB-2C707876D541}"
EndProject
Project("{9A19103F-16F7-4668-BE54-9A1E7A4F7556}") = "WinForms", "WinForms\WinForms.csproj", "{DCED0B3D-C9B6-4232-A1B2-DB67FB7D1957}"
EndProject
Project("{9A19103F-16F7-4668-BE54-9A1E7A4F7556}") = "WinFormsLogearse", "WinFormsLogearse\WinFormsLogearse.csproj", "{A8B47943-BED8-4A41-8335-70FE527F07A9}"
EndProject
Project("{FAE04EC0-301F-11D3-BF4B-00C04F79EFBC}") = "Colecciones", "Colecciones\Colecciones.csproj", "{0287F796-0771-44E2-BAFF-E7AED23F5B85}"
EndProject
Global
	GlobalSection(SolutionConfigurationPlatforms) = preSolution
		Debug|Any CPU = Debug|Any CPU
		Release|Any CPU = Release|Any CPU
	EndGlobalSection
	GlobalSection(ProjectConfigurationPlatforms) = postSolution
		{825C1C55-6ADE-4DA6-89B5-90F8ABCE0B1D}.Debug|Any CPU.ActiveCfg = Debug|Any CPU
		{825C1C55-6ADE-4DA6-89B5-90F8ABCE0B1D}.Debug|Any CPU.Build.0 = Debug|Any CPU
		{825C1C55-6ADE-4DA6-89B5-90F8ABCE0B1D}.Release|Any CPU.ActiveCfg = Release|Any CPU
		{825C1C55-6ADE-4DA6-89B5-90F8ABCE0B1D}.Release|Any CPU.Build.0 = Release|Any CPU
		{6A9E48A2-F0F4-4AF3-A618-C8B64CF23823}.Debug|Any CPU.ActiveCfg = Debug|Any CPU
		{6A9E48A2-F0F4-4AF3-A618-C8B64CF23823}.Debug|Any CPU.Build.0 = Debug|Any CPU
		{6A9E48A2-F0F4-4AF3-A618-C8B64CF23823}.Release|Any CPU.ActiveCfg = Release|Any CPU
		{6A9E48A2-F0F4-4AF3-A618-C8B64CF23823}.Release|Any CPU.Build.0 = Release|Any CPU
		{00338577-4470-4B51-B0BB-2C707876D541}.Debug|Any CPU.ActiveCfg = Debug|Any CPU
		{00338577-4470-4B51-B0BB-2C707876D541}.Debug|Any CPU.Build.0 = Debug|Any CPU
		{00338577-4470-4B51-B0BB-2C707876D541}.Release|Any CPU.ActiveCfg = Release|Any CPU
		{00338577-4470-4B51-B0BB-2C707876D541}.Release|Any CPU.Build.0 = Release|Any CPU
		{DCED0B3D-C9B6-4232-A1B2-DB67FB7D1957}.Debug|Any CPU.ActiveCfg = Debug|Any CPU
		{DCED0B3D-C9B6-4232-A1B2-DB67FB7D1957}.Debug|Any CPU.Build.0 = Debug|Any CPU
		{DCED0B3D-C9B6-4232-A1B2-DB67FB7D1957}.Release|Any CPU.ActiveCfg = Release|Any CPU
		{DCED0B3D-C9B6-4232-A1B2-DB67FB7D1957}.Release|Any CPU.Build.0 = Release|Any CPU
		{A8B47943-BED8-4A41-8335-70FE527F07A9}.Debug|Any CPU.ActiveCfg = Debug|Any CPU
		{A8B47943-BED8-4A41-8335-70FE527F07A9}.Debug|Any CPU.Build.0 = Debug|Any CPU
		{A8B47943-BED8-4A41-8335-70FE527F07A9}.Release|Any CPU.ActiveCfg = Release|Any CPU
		{A8B47943-BED8-4A41-8335-70FE527F07A9}.Release|Any CPU.Build.0 = Release|Any CPU
		{0287F796-0771-44E2-BAFF-E7AED23F5B85}.Debug|Any CPU.ActiveCfg = Debug|Any CPU
		{0287F796-0771-44E2-BAFF-E7AED23F5B85}.Debug|Any CPU.Build.0 = Debug|Any CPU
		{0287F796-0771-44E2-BAFF-E7AED23F5B85}.Release|Any CPU.ActiveCfg = Release|Any CPU
		{0287F796-0771-44E2-BAFF-E7AED23F5B85}.Release|Any CPU.Build.0 = Release|Any CPU
	EndGlobalSection
	GlobalSection(SolutionProperties) = preSolution
		HideSolutionNode = FALSE
	EndGlobalSection
	GlobalSection(ExtensibilityGlobals) = postSolution
		SolutionGuid = {3C5C6D58-1A5F-466B-936A-39820C906DCF}
	EndGlobalSection
EndGlobal
