
Microsoft Visual Studio Solution File, Format Version 12.00
# Visual Studio Version 16
VisualStudioVersion = 16.0.32407.337
MinimumVisualStudioVersion = 10.0.40219.1
Project("{9A19103F-16F7-4668-BE54-9A1E7A4F7556}") = "BibliotecadeClase", "BibliotecadeClase\BibliotecadeClase.csproj", "{825C1C55-6ADE-4DA6-89B5-90F8ABCE0B1D}"
EndProject
Project("{9A19103F-16F7-4668-BE54-9A1E7A4F7556}") = "Logica", "Logica\Logica.csproj", "{6A9E48A2-F0F4-4AF3-A618-C8B64CF23823}"
EndProject
Project("{9A19103F-16F7-4668-BE54-9A1E7A4F7556}") = "SobrecargaV5", "SobrecargaV5\SobrecargaV5.csproj", "{00338577-4470-4B51-B0BB-2C707876D541}"
EndProject
Project("{9A19103F-16F7-4668-BE54-9A1E7A4F7556}") = "WinForms", "WinForms\WinForms.csproj", "{DCED0B3D-C9B6-4232-A1B2-DB67FB7D1957}"
EndProject
Project("{9A19103F-16F7-4668-BE54-9A1E7A4F7556}") = "WinFormsLogearse", "WinFormsLogearse\WinFormsLogearse.csproj", "{A8B47943-BED8-4A41-8335-70FE527F07A9}"
EndProject
Project("{9A19103F-16F7-4668-BE54-9A1E7A4F7556}") = "Colecciones", "Colecciones\Colecciones.csproj", "{0287F796-0771-44E2-BAFF-E7AED23F5B85}"
EndProject
Project("{9A19103F-16F7-4668-BE54-9A1E7A4F7556}") = "EjercicioDeColecciones", "EjercicioDeColecciones\EjercicioDeColecciones.csproj", "{A2938247-7F2F-4CBB-81CD-AE7F7B22B853}"
EndProject
Project("{9A19103F-16F7-4668-BE54-9A1E7A4F7556}") = "ConsolaEjercicioColecciones", "ConsolaEjercicioColecciones\ConsolaEjercicioColecciones.csproj", "{9315B229-3DB1-4525-88F5-071E0AC2F0CC}"
EndProject
Project("{9A19103F-16F7-4668-BE54-9A1E7A4F7556}") = "UI", "UI\UI.csproj", "{3E6A92CB-C866-4247-B486-2A9E0F70FEB2}"
EndProject
Project("{9A19103F-16F7-4668-BE54-9A1E7A4F7556}") = "Propiedades", "Propiedades\Propiedades.csproj", "{E3DBB5BE-D77D-4ADA-88DB-55D6362D3C0D}"
EndProject
Project("{9A19103F-16F7-4668-BE54-9A1E7A4F7556}") = "Sabado23.4", "Sabado23.4\Sabado23.4.csproj", "{0F507878-1AD7-43CA-910A-5E84C43FA08E}"
EndProject
Project("{9A19103F-16F7-4668-BE54-9A1E7A4F7556}") = "BibioltecaSabado23.4", "BibioltecaSabado23.4\BibioltecaSabado23.4.csproj", "{B7DFC630-2799-45C8-9F86-C85CC68CEFDD}"
EndProject
Project("{9A19103F-16F7-4668-BE54-9A1E7A4F7556}") = "ConstructoresEstaticosVsInstancia", "ConstructoresEstaticosVsInstancia\ConstructoresEstaticosVsInstancia.csproj", "{A82650EB-B967-4941-B440-E45A83E42C7F}"
EndProject
Project("{9A19103F-16F7-4668-BE54-9A1E7A4F7556}") = "Sobrecargas", "Sobrecargas\Sobrecargas.csproj", "{70EBECE1-16B6-4FB5-B012-43EB6F7C23DE}"
EndProject
Project("{9A19103F-16F7-4668-BE54-9A1E7A4F7556}") = "Logearse", "Logearse\Logearse.csproj", "{3F6AB327-AF46-4E14-A102-120FBEF69775}"
EndProject
Project("{9A19103F-16F7-4668-BE54-9A1E7A4F7556}") = "BibliotecaLaLibreria", "BibliotecaLaLibreria\BibliotecaLaLibreria.csproj", "{C95D6A87-61CD-4F68-A4B5-10CCF853AAFC}"
EndProject
Project("{9A19103F-16F7-4668-BE54-9A1E7A4F7556}") = "LaLibreria", "LaLibreria\LaLibreria.csproj", "{88D3924F-5FCD-4AFF-BB84-754EF7FB04DA}"
EndProject
Project("{9A19103F-16F7-4668-BE54-9A1E7A4F7556}") = "Colecciones2", "Colecciones2\Colecciones2.csproj", "{FB35386F-05F8-4237-84DA-175BB65143E5}"
EndProject
Project("{9A19103F-16F7-4668-BE54-9A1E7A4F7556}") = "Sabado7Excepciones", "Sabado7Excepciones\Sabado7Excepciones.csproj", "{9CD1ECAE-B798-4065-8D6B-06E5378D53BF}"
EndProject
Project("{9A19103F-16F7-4668-BE54-9A1E7A4F7556}") = "Herencia", "Herencia2\Herencia.csproj", "{86A53075-CDF1-46E8-933C-AA659779146D}"
EndProject
Project("{9A19103F-16F7-4668-BE54-9A1E7A4F7556}") = "Excepciones", "Excepciones\Excepciones.csproj", "{4F5FA6EB-8FB8-4247-82B7-14B2A59C8EFD}"
EndProject
Project("{9A19103F-16F7-4668-BE54-9A1E7A4F7556}") = "ExcepcionesWindowsForms", "ExcepcionesWindowsForms\ExcepcionesWindowsForms.csproj", "{69674861-1FF4-4405-A85D-24E25C6F71D1}"
EndProject
Project("{9A19103F-16F7-4668-BE54-9A1E7A4F7556}") = "BibliotecaPracticaPrimerParcial", "BibliotecaPracticaPrimerParcial\BibliotecaPracticaPrimerParcial.csproj", "{A0D71829-F77A-4B72-90CB-842A6C4E4218}"
EndProject
Project("{9A19103F-16F7-4668-BE54-9A1E7A4F7556}") = "FormDePracticaPrimerParcial", "FormDePracticaPrimerParcial\FormDePracticaPrimerParcial.csproj", "{55BD9D6B-84C6-45E6-BF5D-7563A98A951E}"
EndProject
Project("{9A19103F-16F7-4668-BE54-9A1E7A4F7556}") = "CalculadoraParaTestUnitario", "CalculadoraParaTestUnitario\CalculadoraParaTestUnitario.csproj", "{79AAD6A2-5EC7-4928-97DE-5DE3FD1BE146}"
EndProject
Project("{9A19103F-16F7-4668-BE54-9A1E7A4F7556}") = "TestUnitarios", "TestUnitarios\TestUnitarios.csproj", "{09CD9D0C-E551-42C9-A234-5DFD8EDC1827}"
EndProject
Project("{9A19103F-16F7-4668-BE54-9A1E7A4F7556}") = "MetodosExtendidosI02Contadordedígitos", "MetodosExtendidosI02Contadordedígitos\MetodosExtendidosI02Contadordedígitos.csproj", "{8A5A331F-7C2D-4BAD-8914-C05002C17269}"
EndProject
Project("{9A19103F-16F7-4668-BE54-9A1E7A4F7556}") = "PruebasDeMetodosExtendidos", "PruebasDeMetodosExtendidos\PruebasDeMetodosExtendidos.csproj", "{04DF3A4D-52DA-48B1-AB20-E2535510E0EC}"
EndProject
Project("{9A19103F-16F7-4668-BE54-9A1E7A4F7556}") = "GenericosConWForm", "WinFormsApp1\GenericosConWForm.csproj", "{7203E420-A0FA-43CB-A7EF-0347AD02D01C}"
EndProject
Project("{9A19103F-16F7-4668-BE54-9A1E7A4F7556}") = "metodoExtentidoFizzBuzz", "metodoExtentidoFizzBuzz\metodoExtentidoFizzBuzz.csproj", "{AFB989EA-AD96-4789-9219-CF42581D378B}"
EndProject
Project("{9A19103F-16F7-4668-BE54-9A1E7A4F7556}") = "Interfaces", "Interfaces\Interfaces.csproj", "{AE60050C-AE7B-4CA1-B990-816D2CFA5D15}"
EndProject
Project("{9A19103F-16F7-4668-BE54-9A1E7A4F7556}") = "HerenciaNoPolimorfica", "HerenciaNoPolimorfica\HerenciaNoPolimorfica.csproj", "{FC3478A3-0E62-47D3-9B78-69279BC24B4B}"
EndProject
Project("{FAE04EC0-301F-11D3-BF4B-00C04F79EFBC}") = "ArchivosInformacionSobreSistOprativo", "ArchivosInformacionSobreSistOprativo\ArchivosInformacionSobreSistOprativo.csproj", "{05FA2E3B-1DF4-49E7-AFCE-21F0D8121A85}"
EndProject
Project("{FAE04EC0-301F-11D3-BF4B-00C04F79EFBC}") = "Archivos", "Archivos\Archivos.csproj", "{8485806C-6D2C-412A-8277-81115C35586E}"
EndProject
Global
	GlobalSection(SolutionConfigurationPlatforms) = preSolution
		Debug|Any CPU = Debug|Any CPU
		Release|Any CPU = Release|Any CPU
	EndGlobalSection
	GlobalSection(ProjectConfigurationPlatforms) = postSolution
		{825C1C55-6ADE-4DA6-89B5-90F8ABCE0B1D}.Debug|Any CPU.ActiveCfg = Debug|Any CPU
		{825C1C55-6ADE-4DA6-89B5-90F8ABCE0B1D}.Debug|Any CPU.Build.0 = Debug|Any CPU
		{825C1C55-6ADE-4DA6-89B5-90F8ABCE0B1D}.Release|Any CPU.ActiveCfg = Release|Any CPU
		{825C1C55-6ADE-4DA6-89B5-90F8ABCE0B1D}.Release|Any CPU.Build.0 = Release|Any CPU
		{6A9E48A2-F0F4-4AF3-A618-C8B64CF23823}.Debug|Any CPU.ActiveCfg = Debug|Any CPU
		{6A9E48A2-F0F4-4AF3-A618-C8B64CF23823}.Debug|Any CPU.Build.0 = Debug|Any CPU
		{6A9E48A2-F0F4-4AF3-A618-C8B64CF23823}.Release|Any CPU.ActiveCfg = Release|Any CPU
		{6A9E48A2-F0F4-4AF3-A618-C8B64CF23823}.Release|Any CPU.Build.0 = Release|Any CPU
		{00338577-4470-4B51-B0BB-2C707876D541}.Debug|Any CPU.ActiveCfg = Debug|Any CPU
		{00338577-4470-4B51-B0BB-2C707876D541}.Debug|Any CPU.Build.0 = Debug|Any CPU
		{00338577-4470-4B51-B0BB-2C707876D541}.Release|Any CPU.ActiveCfg = Release|Any CPU
		{00338577-4470-4B51-B0BB-2C707876D541}.Release|Any CPU.Build.0 = Release|Any CPU
		{DCED0B3D-C9B6-4232-A1B2-DB67FB7D1957}.Debug|Any CPU.ActiveCfg = Debug|Any CPU
		{DCED0B3D-C9B6-4232-A1B2-DB67FB7D1957}.Debug|Any CPU.Build.0 = Debug|Any CPU
		{DCED0B3D-C9B6-4232-A1B2-DB67FB7D1957}.Release|Any CPU.ActiveCfg = Release|Any CPU
		{DCED0B3D-C9B6-4232-A1B2-DB67FB7D1957}.Release|Any CPU.Build.0 = Release|Any CPU
		{A8B47943-BED8-4A41-8335-70FE527F07A9}.Debug|Any CPU.ActiveCfg = Debug|Any CPU
		{A8B47943-BED8-4A41-8335-70FE527F07A9}.Debug|Any CPU.Build.0 = Debug|Any CPU
		{A8B47943-BED8-4A41-8335-70FE527F07A9}.Release|Any CPU.ActiveCfg = Release|Any CPU
		{A8B47943-BED8-4A41-8335-70FE527F07A9}.Release|Any CPU.Build.0 = Release|Any CPU
		{0287F796-0771-44E2-BAFF-E7AED23F5B85}.Debug|Any CPU.ActiveCfg = Debug|Any CPU
		{0287F796-0771-44E2-BAFF-E7AED23F5B85}.Debug|Any CPU.Build.0 = Debug|Any CPU
		{0287F796-0771-44E2-BAFF-E7AED23F5B85}.Release|Any CPU.ActiveCfg = Release|Any CPU
		{0287F796-0771-44E2-BAFF-E7AED23F5B85}.Release|Any CPU.Build.0 = Release|Any CPU
		{A2938247-7F2F-4CBB-81CD-AE7F7B22B853}.Debug|Any CPU.ActiveCfg = Debug|Any CPU
		{A2938247-7F2F-4CBB-81CD-AE7F7B22B853}.Debug|Any CPU.Build.0 = Debug|Any CPU
		{A2938247-7F2F-4CBB-81CD-AE7F7B22B853}.Release|Any CPU.ActiveCfg = Release|Any CPU
		{A2938247-7F2F-4CBB-81CD-AE7F7B22B853}.Release|Any CPU.Build.0 = Release|Any CPU
		{9315B229-3DB1-4525-88F5-071E0AC2F0CC}.Debug|Any CPU.ActiveCfg = Debug|Any CPU
		{9315B229-3DB1-4525-88F5-071E0AC2F0CC}.Debug|Any CPU.Build.0 = Debug|Any CPU
		{9315B229-3DB1-4525-88F5-071E0AC2F0CC}.Release|Any CPU.ActiveCfg = Release|Any CPU
		{9315B229-3DB1-4525-88F5-071E0AC2F0CC}.Release|Any CPU.Build.0 = Release|Any CPU
		{3E6A92CB-C866-4247-B486-2A9E0F70FEB2}.Debug|Any CPU.ActiveCfg = Debug|Any CPU
		{3E6A92CB-C866-4247-B486-2A9E0F70FEB2}.Debug|Any CPU.Build.0 = Debug|Any CPU
		{3E6A92CB-C866-4247-B486-2A9E0F70FEB2}.Release|Any CPU.ActiveCfg = Release|Any CPU
		{3E6A92CB-C866-4247-B486-2A9E0F70FEB2}.Release|Any CPU.Build.0 = Release|Any CPU
		{E3DBB5BE-D77D-4ADA-88DB-55D6362D3C0D}.Debug|Any CPU.ActiveCfg = Debug|Any CPU
		{E3DBB5BE-D77D-4ADA-88DB-55D6362D3C0D}.Debug|Any CPU.Build.0 = Debug|Any CPU
		{E3DBB5BE-D77D-4ADA-88DB-55D6362D3C0D}.Release|Any CPU.ActiveCfg = Release|Any CPU
		{E3DBB5BE-D77D-4ADA-88DB-55D6362D3C0D}.Release|Any CPU.Build.0 = Release|Any CPU
		{0F507878-1AD7-43CA-910A-5E84C43FA08E}.Debug|Any CPU.ActiveCfg = Debug|Any CPU
		{0F507878-1AD7-43CA-910A-5E84C43FA08E}.Debug|Any CPU.Build.0 = Debug|Any CPU
		{0F507878-1AD7-43CA-910A-5E84C43FA08E}.Release|Any CPU.ActiveCfg = Release|Any CPU
		{0F507878-1AD7-43CA-910A-5E84C43FA08E}.Release|Any CPU.Build.0 = Release|Any CPU
		{B7DFC630-2799-45C8-9F86-C85CC68CEFDD}.Debug|Any CPU.ActiveCfg = Debug|Any CPU
		{B7DFC630-2799-45C8-9F86-C85CC68CEFDD}.Debug|Any CPU.Build.0 = Debug|Any CPU
		{B7DFC630-2799-45C8-9F86-C85CC68CEFDD}.Release|Any CPU.ActiveCfg = Release|Any CPU
		{B7DFC630-2799-45C8-9F86-C85CC68CEFDD}.Release|Any CPU.Build.0 = Release|Any CPU
		{A82650EB-B967-4941-B440-E45A83E42C7F}.Debug|Any CPU.ActiveCfg = Debug|Any CPU
		{A82650EB-B967-4941-B440-E45A83E42C7F}.Debug|Any CPU.Build.0 = Debug|Any CPU
		{A82650EB-B967-4941-B440-E45A83E42C7F}.Release|Any CPU.ActiveCfg = Release|Any CPU
		{A82650EB-B967-4941-B440-E45A83E42C7F}.Release|Any CPU.Build.0 = Release|Any CPU
		{70EBECE1-16B6-4FB5-B012-43EB6F7C23DE}.Debug|Any CPU.ActiveCfg = Debug|Any CPU
		{70EBECE1-16B6-4FB5-B012-43EB6F7C23DE}.Debug|Any CPU.Build.0 = Debug|Any CPU
		{70EBECE1-16B6-4FB5-B012-43EB6F7C23DE}.Release|Any CPU.ActiveCfg = Release|Any CPU
		{70EBECE1-16B6-4FB5-B012-43EB6F7C23DE}.Release|Any CPU.Build.0 = Release|Any CPU
		{3F6AB327-AF46-4E14-A102-120FBEF69775}.Debug|Any CPU.ActiveCfg = Debug|Any CPU
		{3F6AB327-AF46-4E14-A102-120FBEF69775}.Debug|Any CPU.Build.0 = Debug|Any CPU
		{3F6AB327-AF46-4E14-A102-120FBEF69775}.Release|Any CPU.ActiveCfg = Release|Any CPU
		{3F6AB327-AF46-4E14-A102-120FBEF69775}.Release|Any CPU.Build.0 = Release|Any CPU
		{C95D6A87-61CD-4F68-A4B5-10CCF853AAFC}.Debug|Any CPU.ActiveCfg = Debug|Any CPU
		{C95D6A87-61CD-4F68-A4B5-10CCF853AAFC}.Debug|Any CPU.Build.0 = Debug|Any CPU
		{C95D6A87-61CD-4F68-A4B5-10CCF853AAFC}.Release|Any CPU.ActiveCfg = Release|Any CPU
		{C95D6A87-61CD-4F68-A4B5-10CCF853AAFC}.Release|Any CPU.Build.0 = Release|Any CPU
		{88D3924F-5FCD-4AFF-BB84-754EF7FB04DA}.Debug|Any CPU.ActiveCfg = Debug|Any CPU
		{88D3924F-5FCD-4AFF-BB84-754EF7FB04DA}.Debug|Any CPU.Build.0 = Debug|Any CPU
		{88D3924F-5FCD-4AFF-BB84-754EF7FB04DA}.Release|Any CPU.ActiveCfg = Release|Any CPU
		{88D3924F-5FCD-4AFF-BB84-754EF7FB04DA}.Release|Any CPU.Build.0 = Release|Any CPU
		{FB35386F-05F8-4237-84DA-175BB65143E5}.Debug|Any CPU.ActiveCfg = Debug|Any CPU
		{FB35386F-05F8-4237-84DA-175BB65143E5}.Debug|Any CPU.Build.0 = Debug|Any CPU
		{FB35386F-05F8-4237-84DA-175BB65143E5}.Release|Any CPU.ActiveCfg = Release|Any CPU
		{FB35386F-05F8-4237-84DA-175BB65143E5}.Release|Any CPU.Build.0 = Release|Any CPU
		{9CD1ECAE-B798-4065-8D6B-06E5378D53BF}.Debug|Any CPU.ActiveCfg = Debug|Any CPU
		{9CD1ECAE-B798-4065-8D6B-06E5378D53BF}.Debug|Any CPU.Build.0 = Debug|Any CPU
		{9CD1ECAE-B798-4065-8D6B-06E5378D53BF}.Release|Any CPU.ActiveCfg = Release|Any CPU
		{9CD1ECAE-B798-4065-8D6B-06E5378D53BF}.Release|Any CPU.Build.0 = Release|Any CPU
		{86A53075-CDF1-46E8-933C-AA659779146D}.Debug|Any CPU.ActiveCfg = Debug|Any CPU
		{86A53075-CDF1-46E8-933C-AA659779146D}.Debug|Any CPU.Build.0 = Debug|Any CPU
		{86A53075-CDF1-46E8-933C-AA659779146D}.Release|Any CPU.ActiveCfg = Release|Any CPU
		{86A53075-CDF1-46E8-933C-AA659779146D}.Release|Any CPU.Build.0 = Release|Any CPU
		{4F5FA6EB-8FB8-4247-82B7-14B2A59C8EFD}.Debug|Any CPU.ActiveCfg = Debug|Any CPU
		{4F5FA6EB-8FB8-4247-82B7-14B2A59C8EFD}.Debug|Any CPU.Build.0 = Debug|Any CPU
		{4F5FA6EB-8FB8-4247-82B7-14B2A59C8EFD}.Release|Any CPU.ActiveCfg = Release|Any CPU
		{4F5FA6EB-8FB8-4247-82B7-14B2A59C8EFD}.Release|Any CPU.Build.0 = Release|Any CPU
		{69674861-1FF4-4405-A85D-24E25C6F71D1}.Debug|Any CPU.ActiveCfg = Debug|Any CPU
		{69674861-1FF4-4405-A85D-24E25C6F71D1}.Debug|Any CPU.Build.0 = Debug|Any CPU
		{69674861-1FF4-4405-A85D-24E25C6F71D1}.Release|Any CPU.ActiveCfg = Release|Any CPU
		{69674861-1FF4-4405-A85D-24E25C6F71D1}.Release|Any CPU.Build.0 = Release|Any CPU
		{A0D71829-F77A-4B72-90CB-842A6C4E4218}.Debug|Any CPU.ActiveCfg = Debug|Any CPU
		{A0D71829-F77A-4B72-90CB-842A6C4E4218}.Debug|Any CPU.Build.0 = Debug|Any CPU
		{A0D71829-F77A-4B72-90CB-842A6C4E4218}.Release|Any CPU.ActiveCfg = Release|Any CPU
		{A0D71829-F77A-4B72-90CB-842A6C4E4218}.Release|Any CPU.Build.0 = Release|Any CPU
		{55BD9D6B-84C6-45E6-BF5D-7563A98A951E}.Debug|Any CPU.ActiveCfg = Debug|Any CPU
		{55BD9D6B-84C6-45E6-BF5D-7563A98A951E}.Debug|Any CPU.Build.0 = Debug|Any CPU
		{55BD9D6B-84C6-45E6-BF5D-7563A98A951E}.Release|Any CPU.ActiveCfg = Release|Any CPU
		{55BD9D6B-84C6-45E6-BF5D-7563A98A951E}.Release|Any CPU.Build.0 = Release|Any CPU
		{79AAD6A2-5EC7-4928-97DE-5DE3FD1BE146}.Debug|Any CPU.ActiveCfg = Debug|Any CPU
		{79AAD6A2-5EC7-4928-97DE-5DE3FD1BE146}.Debug|Any CPU.Build.0 = Debug|Any CPU
		{79AAD6A2-5EC7-4928-97DE-5DE3FD1BE146}.Release|Any CPU.ActiveCfg = Release|Any CPU
		{79AAD6A2-5EC7-4928-97DE-5DE3FD1BE146}.Release|Any CPU.Build.0 = Release|Any CPU
		{09CD9D0C-E551-42C9-A234-5DFD8EDC1827}.Debug|Any CPU.ActiveCfg = Debug|Any CPU
		{09CD9D0C-E551-42C9-A234-5DFD8EDC1827}.Debug|Any CPU.Build.0 = Debug|Any CPU
		{09CD9D0C-E551-42C9-A234-5DFD8EDC1827}.Release|Any CPU.ActiveCfg = Release|Any CPU
		{09CD9D0C-E551-42C9-A234-5DFD8EDC1827}.Release|Any CPU.Build.0 = Release|Any CPU
		{8A5A331F-7C2D-4BAD-8914-C05002C17269}.Debug|Any CPU.ActiveCfg = Debug|Any CPU
		{8A5A331F-7C2D-4BAD-8914-C05002C17269}.Debug|Any CPU.Build.0 = Debug|Any CPU
		{8A5A331F-7C2D-4BAD-8914-C05002C17269}.Release|Any CPU.ActiveCfg = Release|Any CPU
		{8A5A331F-7C2D-4BAD-8914-C05002C17269}.Release|Any CPU.Build.0 = Release|Any CPU
		{04DF3A4D-52DA-48B1-AB20-E2535510E0EC}.Debug|Any CPU.ActiveCfg = Debug|Any CPU
		{04DF3A4D-52DA-48B1-AB20-E2535510E0EC}.Debug|Any CPU.Build.0 = Debug|Any CPU
		{04DF3A4D-52DA-48B1-AB20-E2535510E0EC}.Release|Any CPU.ActiveCfg = Release|Any CPU
		{04DF3A4D-52DA-48B1-AB20-E2535510E0EC}.Release|Any CPU.Build.0 = Release|Any CPU
		{7203E420-A0FA-43CB-A7EF-0347AD02D01C}.Debug|Any CPU.ActiveCfg = Debug|Any CPU
		{7203E420-A0FA-43CB-A7EF-0347AD02D01C}.Debug|Any CPU.Build.0 = Debug|Any CPU
		{7203E420-A0FA-43CB-A7EF-0347AD02D01C}.Release|Any CPU.ActiveCfg = Release|Any CPU
		{7203E420-A0FA-43CB-A7EF-0347AD02D01C}.Release|Any CPU.Build.0 = Release|Any CPU
		{AFB989EA-AD96-4789-9219-CF42581D378B}.Debug|Any CPU.ActiveCfg = Debug|Any CPU
		{AFB989EA-AD96-4789-9219-CF42581D378B}.Debug|Any CPU.Build.0 = Debug|Any CPU
		{AFB989EA-AD96-4789-9219-CF42581D378B}.Release|Any CPU.ActiveCfg = Release|Any CPU
		{AFB989EA-AD96-4789-9219-CF42581D378B}.Release|Any CPU.Build.0 = Release|Any CPU
		{AE60050C-AE7B-4CA1-B990-816D2CFA5D15}.Debug|Any CPU.ActiveCfg = Debug|Any CPU
		{AE60050C-AE7B-4CA1-B990-816D2CFA5D15}.Debug|Any CPU.Build.0 = Debug|Any CPU
		{AE60050C-AE7B-4CA1-B990-816D2CFA5D15}.Release|Any CPU.ActiveCfg = Release|Any CPU
		{AE60050C-AE7B-4CA1-B990-816D2CFA5D15}.Release|Any CPU.Build.0 = Release|Any CPU
		{FC3478A3-0E62-47D3-9B78-69279BC24B4B}.Debug|Any CPU.ActiveCfg = Debug|Any CPU
		{FC3478A3-0E62-47D3-9B78-69279BC24B4B}.Debug|Any CPU.Build.0 = Debug|Any CPU
		{FC3478A3-0E62-47D3-9B78-69279BC24B4B}.Release|Any CPU.ActiveCfg = Release|Any CPU
		{FC3478A3-0E62-47D3-9B78-69279BC24B4B}.Release|Any CPU.Build.0 = Release|Any CPU
		{05FA2E3B-1DF4-49E7-AFCE-21F0D8121A85}.Debug|Any CPU.ActiveCfg = Debug|Any CPU
		{05FA2E3B-1DF4-49E7-AFCE-21F0D8121A85}.Debug|Any CPU.Build.0 = Debug|Any CPU
		{05FA2E3B-1DF4-49E7-AFCE-21F0D8121A85}.Release|Any CPU.ActiveCfg = Release|Any CPU
		{05FA2E3B-1DF4-49E7-AFCE-21F0D8121A85}.Release|Any CPU.Build.0 = Release|Any CPU
		{8485806C-6D2C-412A-8277-81115C35586E}.Debug|Any CPU.ActiveCfg = Debug|Any CPU
		{8485806C-6D2C-412A-8277-81115C35586E}.Debug|Any CPU.Build.0 = Debug|Any CPU
		{8485806C-6D2C-412A-8277-81115C35586E}.Release|Any CPU.ActiveCfg = Release|Any CPU
		{8485806C-6D2C-412A-8277-81115C35586E}.Release|Any CPU.Build.0 = Release|Any CPU
	EndGlobalSection
	GlobalSection(SolutionProperties) = preSolution
		HideSolutionNode = FALSE
	EndGlobalSection
	GlobalSection(ExtensibilityGlobals) = postSolution
		SolutionGuid = {3C5C6D58-1A5F-466B-936A-39820C906DCF}
	EndGlobalSection
EndGlobal
